
Microsoft Visual Studio Solution File, Format Version 12.00
# Visual Studio Version 16
VisualStudioVersion = 16.0.32228.343
MinimumVisualStudioVersion = 10.0.40219.1
Project("{FAE04EC0-301F-11D3-BF4B-00C04F79EFBC}") = "TabbedPage.Android", "TabbedPage.Android\TabbedPage.Android.csproj", "{F32C0146-BFF8-4FB1-AEFF-5ED365B8931F}"
EndProject
Project("{FAE04EC0-301F-11D3-BF4B-00C04F79EFBC}") = "TabbedPage", "TabbedPage\TabbedPage.csproj", "{A45E7132-803B-4204-ABDC-7EF2AAA99FF9}"
EndProject
Global
	GlobalSection(SolutionConfigurationPlatforms) = preSolution
		Debug|Any CPU = Debug|Any CPU
		Release|Any CPU = Release|Any CPU
	EndGlobalSection
	GlobalSection(ProjectConfigurationPlatforms) = postSolution
		{F32C0146-BFF8-4FB1-AEFF-5ED365B8931F}.Debug|Any CPU.ActiveCfg = Debug|Any CPU
		{F32C0146-BFF8-4FB1-AEFF-5ED365B8931F}.Debug|Any CPU.Build.0 = Debug|Any CPU
		{F32C0146-BFF8-4FB1-AEFF-5ED365B8931F}.Debug|Any CPU.Deploy.0 = Debug|Any CPU
		{F32C0146-BFF8-4FB1-AEFF-5ED365B8931F}.Release|Any CPU.ActiveCfg = Release|Any CPU
		{F32C0146-BFF8-4FB1-AEFF-5ED365B8931F}.Release|Any CPU.Build.0 = Release|Any CPU
		{F32C0146-BFF8-4FB1-AEFF-5ED365B8931F}.Release|Any CPU.Deploy.0 = Release|Any CPU
		{A45E7132-803B-4204-ABDC-7EF2AAA99FF9}.Debug|Any CPU.ActiveCfg = Debug|Any CPU
		{A45E7132-803B-4204-ABDC-7EF2AAA99FF9}.Debug|Any CPU.Build.0 = Debug|Any CPU
		{A45E7132-803B-4204-ABDC-7EF2AAA99FF9}.Debug|Any CPU.Deploy.0 = Debug|Any CPU
		{A45E7132-803B-4204-ABDC-7EF2AAA99FF9}.Release|Any CPU.ActiveCfg = Release|Any CPU
		{A45E7132-803B-4204-ABDC-7EF2AAA99FF9}.Release|Any CPU.Build.0 = Release|Any CPU
		{A45E7132-803B-4204-ABDC-7EF2AAA99FF9}.Release|Any CPU.Deploy.0 = Release|Any CPU
	EndGlobalSection
	GlobalSection(SolutionProperties) = preSolution
		HideSolutionNode = FALSE
	EndGlobalSection
	GlobalSection(ExtensibilityGlobals) = postSolution
		SolutionGuid = {E5371B7E-2ADA-4C0B-BD90-0EB382228E3E}
	EndGlobalSection
EndGlobal
